
Microsoft Visual Studio Solution File, Format Version 11.00
# Visual Studio 2010
Project("{FAE04EC0-301F-11D3-BF4B-00C04F79EFBC}") = "SiteWeb", "SiteWeb\SiteWeb.csproj", "{8ADFF7D0-866E-428D-8833-77DC90006202}"
EndProject
Global
	GlobalSection(SolutionConfigurationPlatforms) = preSolution
		Debug|Any CPU = Debug|Any CPU
		Release|Any CPU = Release|Any CPU
	EndGlobalSection
	GlobalSection(ProjectConfigurationPlatforms) = postSolution
		{8ADFF7D0-866E-428D-8833-77DC90006202}.Debug|Any CPU.ActiveCfg = Debug|Any CPU
		{8ADFF7D0-866E-428D-8833-77DC90006202}.Debug|Any CPU.Build.0 = Debug|Any CPU
		{8ADFF7D0-866E-428D-8833-77DC90006202}.Release|Any CPU.ActiveCfg = Release|Any CPU
		{8ADFF7D0-866E-428D-8833-77DC90006202}.Release|Any CPU.Build.0 = Release|Any CPU
	EndGlobalSection
	GlobalSection(SolutionProperties) = preSolution
		HideSolutionNode = FALSE
	EndGlobalSection
EndGlobal
